
Microsoft Visual Studio Solution File, Format Version 12.00
# Visual Studio Version 17
VisualStudioVersion = 17.3.32901.215
MinimumVisualStudioVersion = 10.0.40219.1
Project("{FAE04EC0-301F-11D3-BF4B-00C04F79EFBC}") = "MyAssignment", "MyAssignment\MyAssignment.csproj", "{06EE68E5-1DDA-4F51-97D0-99EEC91FB787}"
EndProject
Global
	GlobalSection(SolutionConfigurationPlatforms) = preSolution
		Debug|Any CPU = Debug|Any CPU
		Release|Any CPU = Release|Any CPU
	EndGlobalSection
	GlobalSection(ProjectConfigurationPlatforms) = postSolution
		{06EE68E5-1DDA-4F51-97D0-99EEC91FB787}.Debug|Any CPU.ActiveCfg = Debug|Any CPU
		{06EE68E5-1DDA-4F51-97D0-99EEC91FB787}.Debug|Any CPU.Build.0 = Debug|Any CPU
		{06EE68E5-1DDA-4F51-97D0-99EEC91FB787}.Release|Any CPU.ActiveCfg = Release|Any CPU
		{06EE68E5-1DDA-4F51-97D0-99EEC91FB787}.Release|Any CPU.Build.0 = Release|Any CPU
	EndGlobalSection
	GlobalSection(SolutionProperties) = preSolution
		HideSolutionNode = FALSE
	EndGlobalSection
	GlobalSection(ExtensibilityGlobals) = postSolution
		SolutionGuid = {AC889F34-3279-4E2A-9A5A-EBA5C2A0249C}
	EndGlobalSection
EndGlobal
